PODS:
  - Test2020Pro (1.0.1):
    - Test2020Pro/YCFDIY (= 1.0.1)
  - Test2020Pro/YCFDIY (1.0.1)

DEPENDENCIES:
  - Test2020Pro (from `../`)

EXTERNAL SOURCES:
  Test2020Pro:
    :path: "../"

SPEC CHECKSUMS:
  Test2020Pro: cfe63387865a310127288f0622c0f6c670942431

PODFILE CHECKSUM: 7c0b1f662b36a3292ea6ef7effd0cb1d05104661

COCOAPODS: 1.9.1
