PODS:
  - Test2020Pro (0.5.0):
    - Test2020Pro/YCFDIY (= 0.5.0)
  - Test2020Pro/YCFDIY (0.5.0)

DEPENDENCIES:
  - Test2020Pro (from `../`)

EXTERNAL SOURCES:
  Test2020Pro:
    :path: "../"

SPEC CHECKSUMS:
  Test2020Pro: 45457ea3b741bac9b7259eabdfa9f7015a8d2db2

PODFILE CHECKSUM: 3adcd11b4f46ad545e85f84405293d367f9e65ad

COCOAPODS: 1.7.1
